
Microsoft Visual Studio Solution File, Format Version 12.00
# Visual Studio Version 17
VisualStudioVersion = 17.0.31903.59
MinimumVisualStudioVersion = 10.0.40219.1
Project("{FAE04EC0-301F-11D3-BF4B-00C04F79EFBC}") = "AnimeApp.API", "AnimeApp.API\AnimeApp.API.csproj", "{636E26AE-00A5-46B9-8547-534B11A56E0E}"
EndProject
Project("{FAE04EC0-301F-11D3-BF4B-00C04F79EFBC}") = "AnimeApp.Application", "AnimeApp.Application\AnimeApp.Application.csproj", "{2FEE1E31-004D-4FC9-AB28-2ED2F808CC8C}"
EndProject
Project("{FAE04EC0-301F-11D3-BF4B-00C04F79EFBC}") = "AnimeApp.Domain", "AnimeApp.Domain\AnimeApp.Domain.csproj", "{08E1B1E9-C3DE-4899-83C8-F3AB7787E9BF}"
EndProject
Project("{FAE04EC0-301F-11D3-BF4B-00C04F79EFBC}") = "AnimeApp.Infra", "AnimeApp.Infra\AnimeApp.Infra.csproj", "{C602BCF3-79F2-416B-BC6E-8FE4BA62287F}"
EndProject
Project("{FAE04EC0-301F-11D3-BF4B-00C04F79EFBC}") = "AnimeApp.Tests", "AnimeApp.Tests\AnimeApp.Tests.csproj", "{F087FEB4-3D03-42CA-A5CB-94434B3EAE58}"
EndProject
Global
	GlobalSection(SolutionConfigurationPlatforms) = preSolution
		Debug|Any CPU = Debug|Any CPU
		Release|Any CPU = Release|Any CPU
	EndGlobalSection
	GlobalSection(SolutionProperties) = preSolution
		HideSolutionNode = FALSE
	EndGlobalSection
	GlobalSection(ProjectConfigurationPlatforms) = postSolution
		{636E26AE-00A5-46B9-8547-534B11A56E0E}.Debug|Any CPU.ActiveCfg = Debug|Any CPU
		{636E26AE-00A5-46B9-8547-534B11A56E0E}.Debug|Any CPU.Build.0 = Debug|Any CPU
		{636E26AE-00A5-46B9-8547-534B11A56E0E}.Release|Any CPU.ActiveCfg = Release|Any CPU
		{636E26AE-00A5-46B9-8547-534B11A56E0E}.Release|Any CPU.Build.0 = Release|Any CPU
		{2FEE1E31-004D-4FC9-AB28-2ED2F808CC8C}.Debug|Any CPU.ActiveCfg = Debug|Any CPU
		{2FEE1E31-004D-4FC9-AB28-2ED2F808CC8C}.Debug|Any CPU.Build.0 = Debug|Any CPU
		{2FEE1E31-004D-4FC9-AB28-2ED2F808CC8C}.Release|Any CPU.ActiveCfg = Release|Any CPU
		{2FEE1E31-004D-4FC9-AB28-2ED2F808CC8C}.Release|Any CPU.Build.0 = Release|Any CPU
		{08E1B1E9-C3DE-4899-83C8-F3AB7787E9BF}.Debug|Any CPU.ActiveCfg = Debug|Any CPU
		{08E1B1E9-C3DE-4899-83C8-F3AB7787E9BF}.Debug|Any CPU.Build.0 = Debug|Any CPU
		{08E1B1E9-C3DE-4899-83C8-F3AB7787E9BF}.Release|Any CPU.ActiveCfg = Release|Any CPU
		{08E1B1E9-C3DE-4899-83C8-F3AB7787E9BF}.Release|Any CPU.Build.0 = Release|Any CPU
		{C602BCF3-79F2-416B-BC6E-8FE4BA62287F}.Debug|Any CPU.ActiveCfg = Debug|Any CPU
		{C602BCF3-79F2-416B-BC6E-8FE4BA62287F}.Debug|Any CPU.Build.0 = Debug|Any CPU
		{C602BCF3-79F2-416B-BC6E-8FE4BA62287F}.Release|Any CPU.ActiveCfg = Release|Any CPU
		{C602BCF3-79F2-416B-BC6E-8FE4BA62287F}.Release|Any CPU.Build.0 = Release|Any CPU
		{F087FEB4-3D03-42CA-A5CB-94434B3EAE58}.Debug|Any CPU.ActiveCfg = Debug|Any CPU
		{F087FEB4-3D03-42CA-A5CB-94434B3EAE58}.Debug|Any CPU.Build.0 = Debug|Any CPU
		{F087FEB4-3D03-42CA-A5CB-94434B3EAE58}.Release|Any CPU.ActiveCfg = Release|Any CPU
		{F087FEB4-3D03-42CA-A5CB-94434B3EAE58}.Release|Any CPU.Build.0 = Release|Any CPU
	EndGlobalSection
EndGlobal
